
Microsoft Visual Studio Solution File, Format Version 12.00
# Visual Studio Version 16
VisualStudioVersion = 16.0.31019.35
MinimumVisualStudioVersion = 10.0.40219.1
Project("{FAE04EC0-301F-11D3-BF4B-00C04F79EFBC}") = "MysteryShop", "MysteryShop\MysteryShop.csproj", "{0D2AA1DA-DC08-49B4-9F92-F05C48F25126}"
EndProject
Project("{FAE04EC0-301F-11D3-BF4B-00C04F79EFBC}") = "MysteryShop.Domain", "MysteryShop.Domain\MysteryShop.Domain.csproj", "{5D2D61D5-C0E2-4145-AFA6-4C39CCACF97E}"
EndProject
Project("{FAE04EC0-301F-11D3-BF4B-00C04F79EFBC}") = "MysteryShop.Infrastructure", "MysteryShop.Infrastructure\MysteryShop.Infrastructure.csproj", "{8C9A07AA-DEC8-4B40-B41D-806A1F8FFB55}"
EndProject
Global
	GlobalSection(SolutionConfigurationPlatforms) = preSolution
		Debug|Any CPU = Debug|Any CPU
		Release|Any CPU = Release|Any CPU
	EndGlobalSection
	GlobalSection(ProjectConfigurationPlatforms) = postSolution
		{0D2AA1DA-DC08-49B4-9F92-F05C48F25126}.Debug|Any CPU.ActiveCfg = Debug|Any CPU
		{0D2AA1DA-DC08-49B4-9F92-F05C48F25126}.Debug|Any CPU.Build.0 = Debug|Any CPU
		{0D2AA1DA-DC08-49B4-9F92-F05C48F25126}.Release|Any CPU.ActiveCfg = Release|Any CPU
		{0D2AA1DA-DC08-49B4-9F92-F05C48F25126}.Release|Any CPU.Build.0 = Release|Any CPU
		{5D2D61D5-C0E2-4145-AFA6-4C39CCACF97E}.Debug|Any CPU.ActiveCfg = Debug|Any CPU
		{5D2D61D5-C0E2-4145-AFA6-4C39CCACF97E}.Debug|Any CPU.Build.0 = Debug|Any CPU
		{5D2D61D5-C0E2-4145-AFA6-4C39CCACF97E}.Release|Any CPU.ActiveCfg = Release|Any CPU
		{5D2D61D5-C0E2-4145-AFA6-4C39CCACF97E}.Release|Any CPU.Build.0 = Release|Any CPU
		{8C9A07AA-DEC8-4B40-B41D-806A1F8FFB55}.Debug|Any CPU.ActiveCfg = Debug|Any CPU
		{8C9A07AA-DEC8-4B40-B41D-806A1F8FFB55}.Debug|Any CPU.Build.0 = Debug|Any CPU
		{8C9A07AA-DEC8-4B40-B41D-806A1F8FFB55}.Release|Any CPU.ActiveCfg = Release|Any CPU
		{8C9A07AA-DEC8-4B40-B41D-806A1F8FFB55}.Release|Any CPU.Build.0 = Release|Any CPU
	EndGlobalSection
	GlobalSection(SolutionProperties) = preSolution
		HideSolutionNode = FALSE
	EndGlobalSection
	GlobalSection(ExtensibilityGlobals) = postSolution
		SolutionGuid = {BCF2AF68-65E0-4F77-A6B2-8B27AE6FF69C}
	EndGlobalSection
EndGlobal
